
Microsoft Visual Studio Solution File, Format Version 12.00
# Visual Studio Version 16
VisualStudioVersion = 16.0.29920.165
MinimumVisualStudioVersion = 10.0.40219.1
Project("{8BC9CEB8-8B4A-11D0-8D11-00A0C91BC942}") = "Week3_part1_2", "Week3_part1_2\Week3_part1_2.vcxproj", "{56E2AFB3-4BCD-42C7-B7E3-E67B16591926}"
EndProject
Project("{8BC9CEB8-8B4A-11D0-8D11-00A0C91BC942}") = "Week3_part2", "Week3_part2\Week3_part2.vcxproj", "{08C23648-91B4-410E-AF61-706C2E7560E2}"
EndProject
Project("{8BC9CEB8-8B4A-11D0-8D11-00A0C91BC942}") = "Week4_part1", "Week4_part1\Week4_part1.vcxproj", "{5FAC77A6-A123-4CE2-9F89-BE68ABB2FC4B}"
EndProject
Project("{8BC9CEB8-8B4A-11D0-8D11-00A0C91BC942}") = "Week5", "Week5\Week5.vcxproj", "{A2F126FF-DE7E-43ED-AA1F-FC3C0141E2FC}"
EndProject
Project("{8BC9CEB8-8B4A-11D0-8D11-00A0C91BC942}") = "Week6", "Week6\Week6.vcxproj", "{85A26AC5-1848-48C6-93C3-6CFA8C5EB8AA}"
EndProject
Project("{8BC9CEB8-8B4A-11D0-8D11-00A0C91BC942}") = "Week7", "Week7\Week7.vcxproj", "{C2943580-C095-424C-905C-A22788837B9C}"
EndProject
Project("{8BC9CEB8-8B4A-11D0-8D11-00A0C91BC942}") = "asdasd", "asdasd\asdasd.vcxproj", "{05B08368-BB8B-4899-A29B-DBA68E5A63F1}"
EndProject
Project("{8BC9CEB8-8B4A-11D0-8D11-00A0C91BC942}") = "Week10", "Week10\Week10.vcxproj", "{0258B765-019C-4FED-AB64-F01A7B39D421}"
EndProject
Project("{8BC9CEB8-8B4A-11D0-8D11-00A0C91BC942}") = "Week11", "Week11\Week11.vcxproj", "{EA37C2B7-9CE6-4C8C-9B6F-6FD063C54B0F}"
EndProject
Project("{8BC9CEB8-8B4A-11D0-8D11-00A0C91BC942}") = "Last", "Last\Last.vcxproj", "{A86DB529-167F-4684-B619-AEF5C355C501}"
EndProject
Project("{8BC9CEB8-8B4A-11D0-8D11-00A0C91BC942}") = "jiseong", "jiseong\jiseong.vcxproj", "{CDAFAC1F-B5DE-47B9-AA2E-E3A095C65C1E}"
EndProject
Project("{8BC9CEB8-8B4A-11D0-8D11-00A0C91BC942}") = "MyMathLibrary", "MyMathLibrary\MyMathLibrary.vcxproj", "{E4DD3CB3-8199-40B6-BDA4-372778642EBE}"
EndProject
Project("{8BC9CEB8-8B4A-11D0-8D11-00A0C91BC942}") = "testMymath3", "testMymath3\testMymath3.vcxproj", "{3F2B8F66-D14A-4B11-825C-30BDC5AEF976}"
EndProject
Global
	GlobalSection(SolutionConfigurationPlatforms) = preSolution
		Debug|x64 = Debug|x64
		Debug|x86 = Debug|x86
		Release|x64 = Release|x64
		Release|x86 = Release|x86
	EndGlobalSection
	GlobalSection(ProjectConfigurationPlatforms) = postSolution
		{56E2AFB3-4BCD-42C7-B7E3-E67B16591926}.Debug|x64.ActiveCfg = Debug|x64
		{56E2AFB3-4BCD-42C7-B7E3-E67B16591926}.Debug|x64.Build.0 = Debug|x64
		{56E2AFB3-4BCD-42C7-B7E3-E67B16591926}.Debug|x86.ActiveCfg = Debug|Win32
		{56E2AFB3-4BCD-42C7-B7E3-E67B16591926}.Debug|x86.Build.0 = Debug|Win32
		{56E2AFB3-4BCD-42C7-B7E3-E67B16591926}.Release|x64.ActiveCfg = Release|x64
		{56E2AFB3-4BCD-42C7-B7E3-E67B16591926}.Release|x64.Build.0 = Release|x64
		{56E2AFB3-4BCD-42C7-B7E3-E67B16591926}.Release|x86.ActiveCfg = Release|Win32
		{56E2AFB3-4BCD-42C7-B7E3-E67B16591926}.Release|x86.Build.0 = Release|Win32
		{08C23648-91B4-410E-AF61-706C2E7560E2}.Debug|x64.ActiveCfg = Debug|x64
		{08C23648-91B4-410E-AF61-706C2E7560E2}.Debug|x64.Build.0 = Debug|x64
		{08C23648-91B4-410E-AF61-706C2E7560E2}.Debug|x86.ActiveCfg = Debug|Win32
		{08C23648-91B4-410E-AF61-706C2E7560E2}.Debug|x86.Build.0 = Debug|Win32
		{08C23648-91B4-410E-AF61-706C2E7560E2}.Release|x64.ActiveCfg = Release|x64
		{08C23648-91B4-410E-AF61-706C2E7560E2}.Release|x64.Build.0 = Release|x64
		{08C23648-91B4-410E-AF61-706C2E7560E2}.Release|x86.ActiveCfg = Release|Win32
		{08C23648-91B4-410E-AF61-706C2E7560E2}.Release|x86.Build.0 = Release|Win32
		{5FAC77A6-A123-4CE2-9F89-BE68ABB2FC4B}.Debug|x64.ActiveCfg = Debug|x64
		{5FAC77A6-A123-4CE2-9F89-BE68ABB2FC4B}.Debug|x64.Build.0 = Debug|x64
		{5FAC77A6-A123-4CE2-9F89-BE68ABB2FC4B}.Debug|x86.ActiveCfg = Debug|Win32
		{5FAC77A6-A123-4CE2-9F89-BE68ABB2FC4B}.Debug|x86.Build.0 = Debug|Win32
		{5FAC77A6-A123-4CE2-9F89-BE68ABB2FC4B}.Release|x64.ActiveCfg = Release|x64
		{5FAC77A6-A123-4CE2-9F89-BE68ABB2FC4B}.Release|x64.Build.0 = Release|x64
		{5FAC77A6-A123-4CE2-9F89-BE68ABB2FC4B}.Release|x86.ActiveCfg = Release|Win32
		{5FAC77A6-A123-4CE2-9F89-BE68ABB2FC4B}.Release|x86.Build.0 = Release|Win32
		{A2F126FF-DE7E-43ED-AA1F-FC3C0141E2FC}.Debug|x64.ActiveCfg = Debug|x64
		{A2F126FF-DE7E-43ED-AA1F-FC3C0141E2FC}.Debug|x64.Build.0 = Debug|x64
		{A2F126FF-DE7E-43ED-AA1F-FC3C0141E2FC}.Debug|x86.ActiveCfg = Debug|Win32
		{A2F126FF-DE7E-43ED-AA1F-FC3C0141E2FC}.Debug|x86.Build.0 = Debug|Win32
		{A2F126FF-DE7E-43ED-AA1F-FC3C0141E2FC}.Release|x64.ActiveCfg = Release|x64
		{A2F126FF-DE7E-43ED-AA1F-FC3C0141E2FC}.Release|x64.Build.0 = Release|x64
		{A2F126FF-DE7E-43ED-AA1F-FC3C0141E2FC}.Release|x86.ActiveCfg = Release|Win32
		{A2F126FF-DE7E-43ED-AA1F-FC3C0141E2FC}.Release|x86.Build.0 = Release|Win32
		{85A26AC5-1848-48C6-93C3-6CFA8C5EB8AA}.Debug|x64.ActiveCfg = Debug|x64
		{85A26AC5-1848-48C6-93C3-6CFA8C5EB8AA}.Debug|x64.Build.0 = Debug|x64
		{85A26AC5-1848-48C6-93C3-6CFA8C5EB8AA}.Debug|x86.ActiveCfg = Debug|Win32
		{85A26AC5-1848-48C6-93C3-6CFA8C5EB8AA}.Debug|x86.Build.0 = Debug|Win32
		{85A26AC5-1848-48C6-93C3-6CFA8C5EB8AA}.Release|x64.ActiveCfg = Release|x64
		{85A26AC5-1848-48C6-93C3-6CFA8C5EB8AA}.Release|x64.Build.0 = Release|x64
		{85A26AC5-1848-48C6-93C3-6CFA8C5EB8AA}.Release|x86.ActiveCfg = Release|Win32
		{85A26AC5-1848-48C6-93C3-6CFA8C5EB8AA}.Release|x86.Build.0 = Release|Win32
		{C2943580-C095-424C-905C-A22788837B9C}.Debug|x64.ActiveCfg = Debug|x64
		{C2943580-C095-424C-905C-A22788837B9C}.Debug|x64.Build.0 = Debug|x64
		{C2943580-C095-424C-905C-A22788837B9C}.Debug|x86.ActiveCfg = Debug|Win32
		{C2943580-C095-424C-905C-A22788837B9C}.Debug|x86.Build.0 = Debug|Win32
		{C2943580-C095-424C-905C-A22788837B9C}.Release|x64.ActiveCfg = Release|x64
		{C2943580-C095-424C-905C-A22788837B9C}.Release|x64.Build.0 = Release|x64
		{C2943580-C095-424C-905C-A22788837B9C}.Release|x86.ActiveCfg = Release|Win32
		{C2943580-C095-424C-905C-A22788837B9C}.Release|x86.Build.0 = Release|Win32
		{05B08368-BB8B-4899-A29B-DBA68E5A63F1}.Debug|x64.ActiveCfg = Debug|x64
		{05B08368-BB8B-4899-A29B-DBA68E5A63F1}.Debug|x64.Build.0 = Debug|x64
		{05B08368-BB8B-4899-A29B-DBA68E5A63F1}.Debug|x86.ActiveCfg = Debug|Win32
		{05B08368-BB8B-4899-A29B-DBA68E5A63F1}.Debug|x86.Build.0 = Debug|Win32
		{05B08368-BB8B-4899-A29B-DBA68E5A63F1}.Release|x64.ActiveCfg = Release|x64
		{05B08368-BB8B-4899-A29B-DBA68E5A63F1}.Release|x64.Build.0 = Release|x64
		{05B08368-BB8B-4899-A29B-DBA68E5A63F1}.Release|x86.ActiveCfg = Release|Win32
		{05B08368-BB8B-4899-A29B-DBA68E5A63F1}.Release|x86.Build.0 = Release|Win32
		{0258B765-019C-4FED-AB64-F01A7B39D421}.Debug|x64.ActiveCfg = Debug|x64
		{0258B765-019C-4FED-AB64-F01A7B39D421}.Debug|x64.Build.0 = Debug|x64
		{0258B765-019C-4FED-AB64-F01A7B39D421}.Debug|x86.ActiveCfg = Debug|Win32
		{0258B765-019C-4FED-AB64-F01A7B39D421}.Debug|x86.Build.0 = Debug|Win32
		{0258B765-019C-4FED-AB64-F01A7B39D421}.Release|x64.ActiveCfg = Release|x64
		{0258B765-019C-4FED-AB64-F01A7B39D421}.Release|x64.Build.0 = Release|x64
		{0258B765-019C-4FED-AB64-F01A7B39D421}.Release|x86.ActiveCfg = Release|Win32
		{0258B765-019C-4FED-AB64-F01A7B39D421}.Release|x86.Build.0 = Release|Win32
		{EA37C2B7-9CE6-4C8C-9B6F-6FD063C54B0F}.Debug|x64.ActiveCfg = Debug|x64
		{EA37C2B7-9CE6-4C8C-9B6F-6FD063C54B0F}.Debug|x64.Build.0 = Debug|x64
		{EA37C2B7-9CE6-4C8C-9B6F-6FD063C54B0F}.Debug|x86.ActiveCfg = Debug|Win32
		{EA37C2B7-9CE6-4C8C-9B6F-6FD063C54B0F}.Debug|x86.Build.0 = Debug|Win32
		{EA37C2B7-9CE6-4C8C-9B6F-6FD063C54B0F}.Release|x64.ActiveCfg = Release|x64
		{EA37C2B7-9CE6-4C8C-9B6F-6FD063C54B0F}.Release|x64.Build.0 = Release|x64
		{EA37C2B7-9CE6-4C8C-9B6F-6FD063C54B0F}.Release|x86.ActiveCfg = Release|Win32
		{EA37C2B7-9CE6-4C8C-9B6F-6FD063C54B0F}.Release|x86.Build.0 = Release|Win32
		{A86DB529-167F-4684-B619-AEF5C355C501}.Debug|x64.ActiveCfg = Debug|x64
		{A86DB529-167F-4684-B619-AEF5C355C501}.Debug|x64.Build.0 = Debug|x64
		{A86DB529-167F-4684-B619-AEF5C355C501}.Debug|x86.ActiveCfg = Debug|Win32
		{A86DB529-167F-4684-B619-AEF5C355C501}.Debug|x86.Build.0 = Debug|Win32
		{A86DB529-167F-4684-B619-AEF5C355C501}.Release|x64.ActiveCfg = Release|x64
		{A86DB529-167F-4684-B619-AEF5C355C501}.Release|x64.Build.0 = Release|x64
		{A86DB529-167F-4684-B619-AEF5C355C501}.Release|x86.ActiveCfg = Release|Win32
		{A86DB529-167F-4684-B619-AEF5C355C501}.Release|x86.Build.0 = Release|Win32
		{CDAFAC1F-B5DE-47B9-AA2E-E3A095C65C1E}.Debug|x64.ActiveCfg = Debug|x64
		{CDAFAC1F-B5DE-47B9-AA2E-E3A095C65C1E}.Debug|x64.Build.0 = Debug|x64
		{CDAFAC1F-B5DE-47B9-AA2E-E3A095C65C1E}.Debug|x86.ActiveCfg = Debug|Win32
		{CDAFAC1F-B5DE-47B9-AA2E-E3A095C65C1E}.Debug|x86.Build.0 = Debug|Win32
		{CDAFAC1F-B5DE-47B9-AA2E-E3A095C65C1E}.Release|x64.ActiveCfg = Release|x64
		{CDAFAC1F-B5DE-47B9-AA2E-E3A095C65C1E}.Release|x64.Build.0 = Release|x64
		{CDAFAC1F-B5DE-47B9-AA2E-E3A095C65C1E}.Release|x86.ActiveCfg = Release|Win32
		{CDAFAC1F-B5DE-47B9-AA2E-E3A095C65C1E}.Release|x86.Build.0 = Release|Win32
		{E4DD3CB3-8199-40B6-BDA4-372778642EBE}.Debug|x64.ActiveCfg = Debug|x64
		{E4DD3CB3-8199-40B6-BDA4-372778642EBE}.Debug|x64.Build.0 = Debug|x64
		{E4DD3CB3-8199-40B6-BDA4-372778642EBE}.Debug|x86.ActiveCfg = Debug|Win32
		{E4DD3CB3-8199-40B6-BDA4-372778642EBE}.Debug|x86.Build.0 = Debug|Win32
		{E4DD3CB3-8199-40B6-BDA4-372778642EBE}.Release|x64.ActiveCfg = Release|x64
		{E4DD3CB3-8199-40B6-BDA4-372778642EBE}.Release|x64.Build.0 = Release|x64
		{E4DD3CB3-8199-40B6-BDA4-372778642EBE}.Release|x86.ActiveCfg = Release|Win32
		{E4DD3CB3-8199-40B6-BDA4-372778642EBE}.Release|x86.Build.0 = Release|Win32
		{3F2B8F66-D14A-4B11-825C-30BDC5AEF976}.Debug|x64.ActiveCfg = Debug|x64
		{3F2B8F66-D14A-4B11-825C-30BDC5AEF976}.Debug|x64.Build.0 = Debug|x64
		{3F2B8F66-D14A-4B11-825C-30BDC5AEF976}.Debug|x86.ActiveCfg = Debug|Win32
		{3F2B8F66-D14A-4B11-825C-30BDC5AEF976}.Debug|x86.Build.0 = Debug|Win32
		{3F2B8F66-D14A-4B11-825C-30BDC5AEF976}.Release|x64.ActiveCfg = Release|x64
		{3F2B8F66-D14A-4B11-825C-30BDC5AEF976}.Release|x64.Build.0 = Release|x64
		{3F2B8F66-D14A-4B11-825C-30BDC5AEF976}.Release|x86.ActiveCfg = Release|Win32
		{3F2B8F66-D14A-4B11-825C-30BDC5AEF976}.Release|x86.Build.0 = Release|Win32
	EndGlobalSection
	GlobalSection(SolutionProperties) = preSolution
		HideSolutionNode = FALSE
	EndGlobalSection
	GlobalSection(ExtensibilityGlobals) = postSolution
		SolutionGuid = {A0708D32-64E3-497A-913F-94ECCD32C36C}
	EndGlobalSection
EndGlobal
